
Microsoft Visual Studio Solution File, Format Version 12.00
# Visual Studio 2013
VisualStudioVersion = 12.0.21005.1
MinimumVisualStudioVersion = 10.0.40219.1
Project("{FAE04EC0-301F-11D3-BF4B-00C04F79EFBC}") = "FOR1A3U_SKIL5_H2", "FOR1A3U_SKIL5_H2\FOR1A3U_SKIL5_H2.csproj", "{C9DBB907-8993-4A5F-92DC-0ECC6DBFDA13}"
EndProject
Global
	GlobalSection(SolutionConfigurationPlatforms) = preSolution
		Debug|Any CPU = Debug|Any CPU
		Release|Any CPU = Release|Any CPU
	EndGlobalSection
	GlobalSection(ProjectConfigurationPlatforms) = postSolution
		{C9DBB907-8993-4A5F-92DC-0ECC6DBFDA13}.Debug|Any CPU.ActiveCfg = Debug|Any CPU
		{C9DBB907-8993-4A5F-92DC-0ECC6DBFDA13}.Debug|Any CPU.Build.0 = Debug|Any CPU
		{C9DBB907-8993-4A5F-92DC-0ECC6DBFDA13}.Release|Any CPU.ActiveCfg = Release|Any CPU
		{C9DBB907-8993-4A5F-92DC-0ECC6DBFDA13}.Release|Any CPU.Build.0 = Release|Any CPU
	EndGlobalSection
	GlobalSection(SolutionProperties) = preSolution
		HideSolutionNode = FALSE
	EndGlobalSection
EndGlobal
