
Microsoft Visual Studio Solution File, Format Version 12.00
# Visual Studio 2013
VisualStudioVersion = 12.0.21005.1
MinimumVisualStudioVersion = 10.0.40219.1
Project("{FAE04EC0-301F-11D3-BF4B-00C04F79EFBC}") = "FOR1A3U_Skilaverkefni_5", "FOR1A3U_Skilaverkefni_5\FOR1A3U_Skilaverkefni_5.csproj", "{BDDBA7FE-9E76-491F-8D1D-FFE6C25063DA}"
EndProject
Global
	GlobalSection(SolutionConfigurationPlatforms) = preSolution
		Debug|Any CPU = Debug|Any CPU
		Release|Any CPU = Release|Any CPU
	EndGlobalSection
	GlobalSection(ProjectConfigurationPlatforms) = postSolution
		{BDDBA7FE-9E76-491F-8D1D-FFE6C25063DA}.Debug|Any CPU.ActiveCfg = Debug|Any CPU
		{BDDBA7FE-9E76-491F-8D1D-FFE6C25063DA}.Debug|Any CPU.Build.0 = Debug|Any CPU
		{BDDBA7FE-9E76-491F-8D1D-FFE6C25063DA}.Release|Any CPU.ActiveCfg = Release|Any CPU
		{BDDBA7FE-9E76-491F-8D1D-FFE6C25063DA}.Release|Any CPU.Build.0 = Release|Any CPU
	EndGlobalSection
	GlobalSection(SolutionProperties) = preSolution
		HideSolutionNode = FALSE
	EndGlobalSection
EndGlobal
